
Microsoft Visual Studio Solution File, Format Version 12.00
# Visual Studio Version 16
VisualStudioVersion = 16.0.31112.23
MinimumVisualStudioVersion = 10.0.40219.1
Project("{D954291E-2A0B-460D-934E-DC6B0785DB48}") = "uno-test.Shared", "uno-test\uno-test.Shared\uno-test.Shared.shproj", "{6279C845-92F8-4333-AB99-3D213163593C}"
EndProject
Project("{2150E333-8FDC-42A3-9474-1A3956D46DE8}") = "Platforms", "Platforms", "{9CB55B64-3774-4290-AF47-AC32B4D3809B}"
EndProject
Project("{FAE04EC0-301F-11D3-BF4B-00C04F79EFBC}") = "uno-test.Wasm", "uno-test\uno-test.Wasm\uno-test.Wasm.csproj", "{14F91E9F-29D5-4591-BC0B-5AF61391A6C8}"
EndProject
Project("{FAE04EC0-301F-11D3-BF4B-00C04F79EFBC}") = "uno-test.Skia.Wpf.Host", "uno-test\uno-test.Skia.Wpf.Host\uno-test.Skia.Wpf.Host.csproj", "{33DF0974-F08A-4621-912F-AD5186D9FFEA}"
EndProject
Project("{FAE04EC0-301F-11D3-BF4B-00C04F79EFBC}") = "uno-test.Skia.Wpf", "uno-test\uno-test.Skia.Wpf\uno-test.Skia.Wpf.csproj", "{23DBE73C-467C-49E1-AC19-D0E920D09246}"
EndProject
Project("{FAE04EC0-301F-11D3-BF4B-00C04F79EFBC}") = "uno-test.Skia.Gtk", "uno-test\uno-test.Skia.Gtk\uno-test.Skia.Gtk.csproj", "{F37CBD4F-4F0C-422C-BD96-EA4EB474008D}"
EndProject
Project("{FAE04EC0-301F-11D3-BF4B-00C04F79EFBC}") = "uno-test.Skia.Tizen", "uno-test\uno-test.Skia.Tizen\uno-test.Skia.Tizen.csproj", "{2CE656EC-0968-4571-A468-1633D3C9146D}"
EndProject
Global
	GlobalSection(SharedMSBuildProjectFiles) = preSolution
		uno-test\uno-test.Shared\uno_test.Shared.projitems*{6279c845-92f8-4333-ab99-3d213163593c}*SharedItemsImports = 13
	EndGlobalSection
	GlobalSection(SolutionConfigurationPlatforms) = preSolution
		Debug|Any CPU = Debug|Any CPU
		Release|Any CPU = Release|Any CPU
	EndGlobalSection
	GlobalSection(ProjectConfigurationPlatforms) = postSolution
		{14F91E9F-29D5-4591-BC0B-5AF61391A6C8}.Debug|Any CPU.ActiveCfg = Debug|Any CPU
		{14F91E9F-29D5-4591-BC0B-5AF61391A6C8}.Debug|Any CPU.Build.0 = Debug|Any CPU
		{14F91E9F-29D5-4591-BC0B-5AF61391A6C8}.Release|Any CPU.ActiveCfg = Release|Any CPU
		{14F91E9F-29D5-4591-BC0B-5AF61391A6C8}.Release|Any CPU.Build.0 = Release|Any CPU
		{33DF0974-F08A-4621-912F-AD5186D9FFEA}.Debug|Any CPU.ActiveCfg = Debug|Any CPU
		{33DF0974-F08A-4621-912F-AD5186D9FFEA}.Debug|Any CPU.Build.0 = Debug|Any CPU
		{33DF0974-F08A-4621-912F-AD5186D9FFEA}.Release|Any CPU.ActiveCfg = Release|Any CPU
		{33DF0974-F08A-4621-912F-AD5186D9FFEA}.Release|Any CPU.Build.0 = Release|Any CPU
		{23DBE73C-467C-49E1-AC19-D0E920D09246}.Debug|Any CPU.ActiveCfg = Debug|Any CPU
		{23DBE73C-467C-49E1-AC19-D0E920D09246}.Debug|Any CPU.Build.0 = Debug|Any CPU
		{23DBE73C-467C-49E1-AC19-D0E920D09246}.Release|Any CPU.ActiveCfg = Release|Any CPU
		{23DBE73C-467C-49E1-AC19-D0E920D09246}.Release|Any CPU.Build.0 = Release|Any CPU
		{F37CBD4F-4F0C-422C-BD96-EA4EB474008D}.Debug|Any CPU.ActiveCfg = Debug|Any CPU
		{F37CBD4F-4F0C-422C-BD96-EA4EB474008D}.Debug|Any CPU.Build.0 = Debug|Any CPU
		{F37CBD4F-4F0C-422C-BD96-EA4EB474008D}.Release|Any CPU.ActiveCfg = Release|Any CPU
		{F37CBD4F-4F0C-422C-BD96-EA4EB474008D}.Release|Any CPU.Build.0 = Release|Any CPU
		{2CE656EC-0968-4571-A468-1633D3C9146D}.Debug|Any CPU.ActiveCfg = Debug|Any CPU
		{2CE656EC-0968-4571-A468-1633D3C9146D}.Debug|Any CPU.Build.0 = Debug|Any CPU
		{2CE656EC-0968-4571-A468-1633D3C9146D}.Release|Any CPU.ActiveCfg = Release|Any CPU
		{2CE656EC-0968-4571-A468-1633D3C9146D}.Release|Any CPU.Build.0 = Release|Any CPU
	EndGlobalSection
	GlobalSection(SolutionProperties) = preSolution
		HideSolutionNode = FALSE
	EndGlobalSection
	GlobalSection(NestedProjects) = preSolution
		{14F91E9F-29D5-4591-BC0B-5AF61391A6C8} = {9CB55B64-3774-4290-AF47-AC32B4D3809B}
		{33DF0974-F08A-4621-912F-AD5186D9FFEA} = {9CB55B64-3774-4290-AF47-AC32B4D3809B}
		{23DBE73C-467C-49E1-AC19-D0E920D09246} = {9CB55B64-3774-4290-AF47-AC32B4D3809B}
		{F37CBD4F-4F0C-422C-BD96-EA4EB474008D} = {9CB55B64-3774-4290-AF47-AC32B4D3809B}
		{2CE656EC-0968-4571-A468-1633D3C9146D} = {9CB55B64-3774-4290-AF47-AC32B4D3809B}
	EndGlobalSection
	GlobalSection(ExtensibilityGlobals) = postSolution
		SolutionGuid = {A295D9A6-AEA7-4894-9AD7-ED62AB5F4CAD}
	EndGlobalSection
EndGlobal
